
Microsoft Visual Studio Solution File, Format Version 12.00
# Visual Studio Version 17
VisualStudioVersion = 17.14.36221.1 d17.14
MinimumVisualStudioVersion = 10.0.40219.1
Project("{FAE04EC0-301F-11D3-BF4B-00C04F79EFBC}") = "UserApplication", "UserApplication\UserApplication.csproj", "{2B3D3763-1A62-4BA4-8E29-591E744D17C7}"
EndProject
Global
	GlobalSection(SolutionConfigurationPlatforms) = preSolution
		Debug|Any CPU = Debug|Any CPU
		Release|Any CPU = Release|Any CPU
	EndGlobalSection
	GlobalSection(ProjectConfigurationPlatforms) = postSolution
		{2B3D3763-1A62-4BA4-8E29-591E744D17C7}.Debug|Any CPU.ActiveCfg = Debug|Any CPU
		{2B3D3763-1A62-4BA4-8E29-591E744D17C7}.Debug|Any CPU.Build.0 = Debug|Any CPU
		{2B3D3763-1A62-4BA4-8E29-591E744D17C7}.Release|Any CPU.ActiveCfg = Release|Any CPU
		{2B3D3763-1A62-4BA4-8E29-591E744D17C7}.Release|Any CPU.Build.0 = Release|Any CPU
	EndGlobalSection
	GlobalSection(SolutionProperties) = preSolution
		HideSolutionNode = FALSE
	EndGlobalSection
	GlobalSection(ExtensibilityGlobals) = postSolution
		SolutionGuid = {1D18DC2B-0B09-46D5-905B-F37BE22C7D0A}
	EndGlobalSection
EndGlobal
